// !$*UTF8*$!
{
	archiveVersion = 1;
	classes = {
	};
	objectVersion = 46;
	objects = {

/* Begin PBXBuildFile section */
		84496A381A1912390035C513 /* CustomTableViewController.m in Sources */ = {isa = PBXBuildFile; fileRef = 84496A361A1912390035C513 /* CustomTableViewController.m */; };
		84496A391A1912390035C513 /* CustomTableViewController.xib in Resources */ = {isa = PBXBuildFile; fileRef = 84496A371A1912390035C513 /* CustomTableViewController.xib */; };
		8486CB451A190A0500AEF4C8 /* main.m in Sources */ = {isa = PBXBuildFile; fileRef = 8486CB441A190A0500AEF4C8 /* main.m */; };
		8486CB481A190A0500AEF4C8 /* AppDelegate.m in Sources */ = {isa = PBXBuildFile; fileRef = 8486CB471A190A0500AEF4C8 /* AppDelegate.m */; };
		8486CB4B1A190A0500AEF4C8 /* ViewController.m in Sources */ = {isa = PBXBuildFile; fileRef = 8486CB4A1A190A0500AEF4C8 /* ViewController.m */; };
		8486CB4E1A190A0500AEF4C8 /* Main.storyboard in Resources */ = {isa = PBXBuildFile; fileRef = 8486CB4C1A190A0500AEF4C8 /* Main.storyboard */; };
		8486CB501A190A0500AEF4C8 /* Images.xcassets in Resources */ = {isa = PBXBuildFile; fileRef = 8486CB4F1A190A0500AEF4C8 /* Images.xcassets */; };
		8486CB531A190A0500AEF4C8 /* LaunchScreen.xib in Resources */ = {isa = PBXBuildFile; fileRef = 8486CB511A190A0500AEF4C8 /* LaunchScreen.xib */; };
		8486CB5F1A190A0500AEF4C8 /* HW4_18_36Tests.m in Sources */ = {isa = PBXBuildFile; fileRef = 8486CB5E1A190A0500AEF4C8 /* HW4_18_36Tests.m */; };
/* End PBXBuildFile section */

/* Begin PBXContainerItemProxy section */
		8486CB591A190A0500AEF4C8 /* PBXContainerItemProxy */ = {
			isa = PBXContainerItemProxy;
			containerPortal = 8486CB371A190A0500AEF4C8 /* Project object */;
			proxyType = 1;
			remoteGlobalIDString = 8486CB3E1A190A0500AEF4C8;
			remoteInfo = HW4_18.36;
		};
/* End PBXContainerItemProxy section */

/* Begin PBXFileReference section */
		84496A351A1912390035C513 /* CustomTableViewController.h */ = {isa = PBXFileReference; fileEncoding = 4; lastKnownFileType = sourcecode.c.h; path = CustomTableViewController.h; sourceTree = "<group>"; };
		84496A361A1912390035C513 /* CustomTableViewController.m */ = {isa = PBXFileReference; fileEncoding = 4; lastKnownFileType = sourcecode.c.objc; path = CustomTableViewController.m; sourceTree = "<group>"; };
		84496A371A1912390035C513 /* CustomTableViewController.xib */ = {isa = PBXFileReference; fileEncoding = 4; lastKnownFileType = file.xib; path = CustomTableViewController.xib; sourceTree = "<group>"; };
		8486CB3F1A190A0500AEF4C8 /* HW4_18.36.app */ = {isa = PBXFileReference; explicitFileType = wrapper.application; includeInIndex = 0; path = HW4_18.36.app; sourceTree = BUILT_PRODUCTS_DIR; };
		8486CB431A190A0500AEF4C8 /* Info.plist */ = {isa = PBXFileReference; lastKnownFileType = text.plist.xml; path = Info.plist; sourceTree = "<group>"; };
		8486CB441A190A0500AEF4C8 /* main.m */ = {isa = PBXFileReference; lastKnownFileType = sourcecode.c.objc; path = main.m; sourceTree = "<group>"; };
		8486CB461A190A0500AEF4C8 /* AppDelegate.h */ = {isa = PBXFileReference; lastKnownFileType = sourcecode.c.h; path = AppDelegate.h; sourceTree = "<group>"; };
		8486CB471A190A0500AEF4C8 /* AppDelegate.m */ = {isa = PBXFileReference; lastKnownFileType = sourcecode.c.objc; path = AppDelegate.m; sourceTree = "<group>"; };
		8486CB491A190A0500AEF4C8 /* ViewController.h */ = {isa = PBXFileReference; lastKnownFileType = sourcecode.c.h; path = ViewController.h; sourceTree = "<group>"; };
		8486CB4A1A190A0500AEF4C8 /* ViewController.m */ = {isa = PBXFileReference; lastKnownFileType = sourcecode.c.objc; path = ViewController.m; sourceTree = "<group>"; };
		8486CB4D1A190A0500AEF4C8 /* Base */ = {isa = PBXFileReference; lastKnownFileType = file.storyboard; name = Base; path = Base.lproj/Main.storyboard; sourceTree = "<group>"; };
		8486CB4F1A190A0500AEF4C8 /* Images.xcassets */ = {isa = PBXFileReference; lastKnownFileType = folder.assetcatalog; path = Images.xcassets; sourceTree = "<group>"; };
		8486CB521A190A0500AEF4C8 /* Base */ = {isa = PBXFileReference; lastKnownFileType = file.xib; name = Base; path = Base.lproj/LaunchScreen.xib; sourceTree = "<group>"; };
		8486CB581A190A0500AEF4C8 /* HW4_18.36Tests.xctest */ = {isa = PBXFileReference; explicitFileType = wrapper.cfbundle; includeInIndex = 0; path = HW4_18.36Tests.xctest; sourceTree = BUILT_PRODUCTS_DIR; };
		8486CB5D1A190A0500AEF4C8 /* Info.plist */ = {isa = PBXFileReference; lastKnownFileType = text.plist.xml; path = Info.plist; sourceTree = "<group>"; };
		8486CB5E1A190A0500AEF4C8 /* HW4_18_36Tests.m */ = {isa = PBXFileReference; lastKnownFileType = sourcecode.c.objc; path = HW4_18_36Tests.m; sourceTree = "<group>"; };
/* End PBXFileReference section */

/* Begin PBXFrameworksBuildPhase section */
		8486CB3C1A190A0500AEF4C8 /* Frameworks */ = {
			isa = PBXFrameworksBuildPhase;
			buildActionMask = 2147483647;
			files = (
			);
			runOnlyForDeploymentPostprocessing = 0;
		};
		8486CB551A190A0500AEF4C8 /* Frameworks */ = {
			isa = PBXFrameworksBuildPhase;
			buildActionMask = 2147483647;
			files = (
			);
			runOnlyForDeploymentPostprocessing = 0;
		};
/* End PBXFrameworksBuildPhase section */

/* Begin PBXGroup section */
		8486CB361A190A0500AEF4C8 = {
			isa = PBXGroup;
			children = (
				8486CB411A190A0500AEF4C8 /* HW4_18.36 */,
				8486CB5B1A190A0500AEF4C8 /* HW4_18.36Tests */,
				8486CB401A190A0500AEF4C8 /* Products */,
			);
			sourceTree = "<group>";
		};
		8486CB401A190A0500AEF4C8 /* Products */ = {
			isa = PBXGroup;
			children = (
				8486CB3F1A190A0500AEF4C8 /* HW4_18.36.app */,
				8486CB581A190A0500AEF4C8 /* HW4_18.36Tests.xctest */,
			);
			name = Products;
			sourceTree = "<group>";
		};
		8486CB411A190A0500AEF4C8 /* HW4_18.36 */ = {
			isa = PBXGroup;
			children = (
				8486CB461A190A0500AEF4C8 /* AppDelegate.h */,
				8486CB471A190A0500AEF4C8 /* AppDelegate.m */,
				8486CB491A190A0500AEF4C8 /* ViewController.h */,
				8486CB4A1A190A0500AEF4C8 /* ViewController.m */,
				8486CB4C1A190A0500AEF4C8 /* Main.storyboard */,
				8486CB4F1A190A0500AEF4C8 /* Images.xcassets */,
				8486CB511A190A0500AEF4C8 /* LaunchScreen.xib */,
				8486CB421A190A0500AEF4C8 /* Supporting Files */,
				84496A351A1912390035C513 /* CustomTableViewController.h */,
				84496A361A1912390035C513 /* CustomTableViewController.m */,
				84496A371A1912390035C513 /* CustomTableViewController.xib */,
			);
			path = HW4_18.36;
			sourceTree = "<group>";
		};
		8486CB421A190A0500AEF4C8 /* Supporting Files */ = {
			isa = PBXGroup;
			children = (
				8486CB431A190A0500AEF4C8 /* Info.plist */,
				8486CB441A190A0500AEF4C8 /* main.m */,
			);
			name = "Supporting Files";
			sourceTree = "<group>";
		};
		8486CB5B1A190A0500AEF4C8 /* HW4_18.36Tests */ = {
			isa = PBXGroup;
			children = (
				8486CB5E1A190A0500AEF4C8 /* HW4_18_36Tests.m */,
				8486CB5C1A190A0500AEF4C8 /* Supporting Files */,
			);
			path = HW4_18.36Tests;
			sourceTree = "<group>";
		};
		8486CB5C1A190A0500AEF4C8 /* Supporting Files */ = {
			isa = PBXGroup;
			children = (
				8486CB5D1A190A0500AEF4C8 /* Info.plist */,
			);
			name = "Supporting Files";
			sourceTree = "<group>";
		};
/* End PBXGroup section */

/* Begin PBXNativeTarget section */
		8486CB3E1A190A0500AEF4C8 /* HW4_18.36 */ = {
			isa = PBXNativeTarget;
			buildConfigurationList = 8486CB621A190A0500AEF4C8 /* Build configuration list for PBXNativeTarget "HW4_18.36" */;
			buildPhases = (
				8486CB3B1A190A0500AEF4C8 /* Sources */,
				8486CB3C1A190A0500AEF4C8 /* Frameworks */,
				8486CB3D1A190A0500AEF4C8 /* Resources */,
			);
			buildRules = (
			);
			dependencies = (
			);
			name = HW4_18.36;
			productName = HW4_18.36;
			productReference = 8486CB3F1A190A0500AEF4C8 /* HW4_18.36.app */;
			productType = "com.apple.product-type.application";
		};
		8486CB571A190A0500AEF4C8 /* HW4_18.36Tests */ = {
			isa = PBXNativeTarget;
			buildConfigurationList = 8486CB651A190A0500AEF4C8 /* Build configuration list for PBXNativeTarget "HW4_18.36Tests" */;
			buildPhases = (
				8486CB541A190A0500AEF4C8 /* Sources */,
				8486CB551A190A0500AEF4C8 /* Frameworks */,
				8486CB561A190A0500AEF4C8 /* Resources */,
			);
			buildRules = (
			);
			dependencies = (
				8486CB5A1A190A0500AEF4C8 /* PBXTargetDependency */,
			);
			name = HW4_18.36Tests;
			productName = HW4_18.36Tests;
			productReference = 8486CB581A190A0500AEF4C8 /* HW4_18.36Tests.xctest */;
			productType = "com.apple.product-type.bundle.unit-test";
		};
/* End PBXNativeTarget section */

/* Begin PBXProject section */
		8486CB371A190A0500AEF4C8 /* Project object */ = {
			isa = PBXProject;
			attributes = {
				LastUpgradeCheck = 0610;
				ORGANIZATIONNAME = "Vika Vovk";
				TargetAttributes = {
					8486CB3E1A190A0500AEF4C8 = {
						CreatedOnToolsVersion = 6.1;
					};
					8486CB571A190A0500AEF4C8 = {
						CreatedOnToolsVersion = 6.1;
						TestTargetID = 8486CB3E1A190A0500AEF4C8;
					};
				};
			};
			buildConfigurationList = 8486CB3A1A190A0500AEF4C8 /* Build configuration list for PBXProject "HW4_18.36" */;
			compatibilityVersion = "Xcode 3.2";
			developmentRegion = English;
			hasScannedForEncodings = 0;
			knownRegions = (
				en,
				Base,
			);
			mainGroup = 8486CB361A190A0500AEF4C8;
			productRefGroup = 8486CB401A190A0500AEF4C8 /* Products */;
			projectDirPath = "";
			projectRoot = "";
			targets = (
				8486CB3E1A190A0500AEF4C8 /* HW4_18.36 */,
				8486CB571A190A0500AEF4C8 /* HW4_18.36Tests */,
			);
		};
/* End PBXProject section */

/* Begin PBXResourcesBuildPhase section */
		8486CB3D1A190A0500AEF4C8 /* Resources */ = {
			isa = PBXResourcesBuildPhase;
			buildActionMask = 2147483647;
			files = (
				84496A391A1912390035C513 /* CustomTableViewController.xib in Resources */,
				8486CB4E1A190A0500AEF4C8 /* Main.storyboard in Resources */,
				8486CB531A190A0500AEF4C8 /* LaunchScreen.xib in Resources */,
				8486CB501A190A0500AEF4C8 /* Images.xcassets in Resources */,
			);
			runOnlyForDeploymentPostprocessing = 0;
		};
		8486CB561A190A0500AEF4C8 /* Resources */ = {
			isa = PBXResourcesBuildPhase;
			buildActionMask = 2147483647;
			files = (
			);
			runOnlyForDeploymentPostprocessing = 0;
		};
/* End PBXResourcesBuildPhase section */

/* Begin PBXSourcesBuildPhase section */
		8486CB3B1A190A0500AEF4C8 /* Sources */ = {
			isa = PBXSourcesBuildPhase;
			buildActionMask = 2147483647;
			files = (
				84496A381A1912390035C513 /* CustomTableViewController.m in Sources */,
				8486CB4B1A190A0500AEF4C8 /* ViewController.m in Sources */,
				8486CB481A190A0500AEF4C8 /* AppDelegate.m in Sources */,
				8486CB451A190A0500AEF4C8 /* main.m in Sources */,
			);
			runOnlyForDeploymentPostprocessing = 0;
		};
		8486CB541A190A0500AEF4C8 /* Sources */ = {
			isa = PBXSourcesBuildPhase;
			buildActionMask = 2147483647;
			files = (
				8486CB5F1A190A0500AEF4C8 /* HW4_18_36Tests.m in Sources */,
			);
			runOnlyForDeploymentPostprocessing = 0;
		};
/* End PBXSourcesBuildPhase section */

/* Begin PBXTargetDependency section */
		8486CB5A1A190A0500AEF4C8 /* PBXTargetDependency */ = {
			isa = PBXTargetDependency;
			target = 8486CB3E1A190A0500AEF4C8 /* HW4_18.36 */;
			targetProxy = 8486CB591A190A0500AEF4C8 /* PBXContainerItemProxy */;
		};
/* End PBXTargetDependency section */

/* Begin PBXVariantGroup section */
		8486CB4C1A190A0500AEF4C8 /* Main.storyboard */ = {
			isa = PBXVariantGroup;
			children = (
				8486CB4D1A190A0500AEF4C8 /* Base */,
			);
			name = Main.storyboard;
			sourceTree = "<group>";
		};
		8486CB511A190A0500AEF4C8 /* LaunchScreen.xib */ = {
			isa = PBXVariantGroup;
			children = (
				8486CB521A190A0500AEF4C8 /* Base */,
			);
			name = LaunchScreen.xib;
			sourceTree = "<group>";
		};
/* End PBXVariantGroup section */

/* Begin XCBuildConfiguration section */
		8486CB601A190A0500AEF4C8 /* Debug */ = {
			isa = XCBuildConfiguration;
			buildSettings = {
				ALWAYS_SEARCH_USER_PATHS = NO;
				CLANG_CXX_LANGUAGE_STANDARD = "gnu++0x";
				CLANG_CXX_LIBRARY = "libc++";
				CLANG_ENABLE_MODULES = YES;
				CLANG_ENABLE_OBJC_ARC = YES;
				CLANG_WARN_BOOL_CONVERSION = YES;
				CLANG_WARN_CONSTANT_CONVERSION = YES;
				CLANG_WARN_DIRECT_OBJC_ISA_USAGE = YES_ERROR;
				CLANG_WARN_EMPTY_BODY = YES;
				CLANG_WARN_ENUM_CONVERSION = YES;
				CLANG_WARN_INT_CONVERSION = YES;
				CLANG_WARN_OBJC_ROOT_CLASS = YES_ERROR;
				CLANG_WARN_UNREACHABLE_CODE = YES;
				CLANG_WARN__DUPLICATE_METHOD_MATCH = YES;
				"CODE_SIGN_IDENTITY[sdk=iphoneos*]" = "iPhone Developer";
				COPY_PHASE_STRIP = NO;
				ENABLE_STRICT_OBJC_MSGSEND = YES;
				GCC_C_LANGUAGE_STANDARD = gnu99;
				GCC_DYNAMIC_NO_PIC = NO;
				GCC_OPTIMIZATION_LEVEL = 0;
				GCC_PREPROCESSOR_DEFINITIONS = (
					"DEBUG=1",
					"$(inherited)",
				);
				GCC_SYMBOLS_PRIVATE_EXTERN = NO;
				GCC_WARN_64_TO_32_BIT_CONVERSION = YES;
				GCC_WARN_ABOUT_RETURN_TYPE = YES_ERROR;
				GCC_WARN_UNDECLARED_SELECTOR = YES;
				GCC_WARN_UNINITIALIZED_AUTOS = YES_AGGRESSIVE;
				GCC_WARN_UNUSED_FUNCTION = YES;
				GCC_WARN_UNUSED_VARIABLE = YES;
				IPHONEOS_DEPLOYMENT_TARGET = 8.1;
				MTL_ENABLE_DEBUG_INFO = YES;
				ONLY_ACTIVE_ARCH = YES;
				SDKROOT = iphoneos;
				TARGETED_DEVICE_FAMILY = "1,2";
			};
			name = Debug;
		};
		8486CB611A190A0500AEF4C8 /* Release */ = {
			isa = XCBuildConfiguration;
			buildSettings = {
				ALWAYS_SEARCH_USER_PATHS = NO;
				CLANG_CXX_LANGUAGE_STANDARD = "gnu++0x";
				CLANG_CXX_LIBRARY = "libc++";
				CLANG_ENABLE_MODULES = YES;
				CLANG_ENABLE_OBJC_ARC = YES;
				CLANG_WARN_BOOL_CONVERSION = YES;
				CLANG_WARN_CONSTANT_CONVERSION = YES;
				CLANG_WARN_DIRECT_OBJC_ISA_USAGE = YES_ERROR;
				CLANG_WARN_EMPTY_BODY = YES;
				CLANG_WARN_ENUM_CONVERSION = YES;
				CLANG_WARN_INT_CONVERSION = YES;
				CLANG_WARN_OBJC_ROOT_CLASS = YES_ERROR;
				CLANG_WARN_UNREACHABLE_CODE = YES;
				CLANG_WARN__DUPLICATE_METHOD_MATCH = YES;
				"CODE_SIGN_IDENTITY[sdk=iphoneos*]" = "iPhone Developer";
				COPY_PHASE_STRIP = YES;
				ENABLE_NS_ASSERTIONS = NO;
				ENABLE_STRICT_OBJC_MSGSEND = YES;
				GCC_C_LANGUAGE_STANDARD = gnu99;
				GCC_WARN_64_TO_32_BIT_CONVERSION = YES;
				GCC_WARN_ABOUT_RETURN_TYPE = YES_ERROR;
				GCC_WARN_UNDECLARED_SELECTOR = YES;
				GCC_WARN_UNINITIALIZED_AUTOS = YES_AGGRESSIVE;
				GCC_WARN_UNUSED_FUNCTION = YES;
				GCC_WARN_UNUSED_VARIABLE = YES;
				IPHONEOS_DEPLOYMENT_TARGET = 8.1;
				MTL_ENABLE_DEBUG_INFO = NO;
				SDKROOT = iphoneos;
				TARGETED_DEVICE_FAMILY = "1,2";
				VALIDATE_PRODUCT = YES;
			};
			name = Release;
		};
		8486CB631A190A0500AEF4C8 /* Debug */ = {
			isa = XCBuildConfiguration;
			buildSettings = {
				ASSETCATALOG_COMPILER_APPICON_NAME = AppIcon;
				INFOPLIST_FILE = HW4_18.36/Info.plist;
				LD_RUNPATH_SEARCH_PATHS = "$(inherited) @executable_path/Frameworks";
				PRODUCT_NAME = "$(TARGET_NAME)";
			};
			name = Debug;
		};
		8486CB641A190A0500AEF4C8 /* Release */ = {
			isa = XCBuildConfiguration;
			buildSettings = {
				ASSETCATALOG_COMPILER_APPICON_NAME = AppIcon;
				INFOPLIST_FILE = HW4_18.36/Info.plist;
				LD_RUNPATH_SEARCH_PATHS = "$(inherited) @executable_path/Frameworks";
				PRODUCT_NAME = "$(TARGET_NAME)";
			};
			name = Release;
		};
		8486CB661A190A0500AEF4C8 /* Debug */ = {
			isa = XCBuildConfiguration;
			buildSettings = {
				BUNDLE_LOADER = "$(TEST_HOST)";
				FRAMEWORK_SEARCH_PATHS = (
					"$(SDKROOT)/Developer/Library/Frameworks",
					"$(inherited)",
				);
				GCC_PREPROCESSOR_DEFINITIONS = (
					"DEBUG=1",
					"$(inherited)",
				);
				INFOPLIST_FILE = HW4_18.36Tests/Info.plist;
				LD_RUNPATH_SEARCH_PATHS = "$(inherited) @executable_path/Frameworks @loader_path/Frameworks";
				PRODUCT_NAME = "$(TARGET_NAME)";
				TEST_HOST = "$(BUILT_PRODUCTS_DIR)/HW4_18.36.app/HW4_18.36";
			};
			name = Debug;
		};
		8486CB671A190A0500AEF4C8 /* Release */ = {
			isa = XCBuildConfiguration;
			buildSettings = {
				BUNDLE_LOADER = "$(TEST_HOST)";
				FRAMEWORK_SEARCH_PATHS = (
					"$(SDKROOT)/Developer/Library/Frameworks",
					"$(inherited)",
				);
				INFOPLIST_FILE = HW4_18.36Tests/Info.plist;
				LD_RUNPATH_SEARCH_PATHS = "$(inherited) @executable_path/Frameworks @loader_path/Frameworks";
				PRODUCT_NAME = "$(TARGET_NAME)";
				TEST_HOST = "$(BUILT_PRODUCTS_DIR)/HW4_18.36.app/HW4_18.36";
			};
			name = Release;
		};
/* End XCBuildConfiguration section */

/* Begin XCConfigurationList section */
		8486CB3A1A190A0500AEF4C8 /* Build configuration list for PBXProject "HW4_18.36" */ = {
			isa = XCConfigurationList;
			buildConfigurations = (
				8486CB601A190A0500AEF4C8 /* Debug */,
				8486CB611A190A0500AEF4C8 /* Release */,
			);
			defaultConfigurationIsVisible = 0;
			defaultConfigurationName = Release;
		};
		8486CB621A190A0500AEF4C8 /* Build configuration list for PBXNativeTarget "HW4_18.36" */ = {
			isa = XCConfigurationList;
			buildConfigurations = (
				8486CB631A190A0500AEF4C8 /* Debug */,
				8486CB641A190A0500AEF4C8 /* Release */,
			);
			defaultConfigurationIsVisible = 0;
			defaultConfigurationName = Release;
		};
		8486CB651A190A0500AEF4C8 /* Build configuration list for PBXNativeTarget "HW4_18.36Tests" */ = {
			isa = XCConfigurationList;
			buildConfigurations = (
				8486CB661A190A0500AEF4C8 /* Debug */,
				8486CB671A190A0500AEF4C8 /* Release */,
			);
			defaultConfigurationIsVisible = 0;
			defaultConfigurationName = Release;
		};
/* End XCConfigurationList section */
	};
	rootObject = 8486CB371A190A0500AEF4C8 /* Project object */;
}
