// !$*UTF8*$!
{
	archiveVersion = 1;
	classes = {
	};
	objectVersion = 46;
	objects = {

/* Begin PBXBuildFile section */
		7DA19C8F1A112E6D008D2162 /* main.m in Sources */ = {isa = PBXBuildFile; fileRef = 7DA19C8E1A112E6D008D2162 /* main.m */; };
		7DA19C921A112E6D008D2162 /* AppDelegate.m in Sources */ = {isa = PBXBuildFile; fileRef = 7DA19C911A112E6D008D2162 /* AppDelegate.m */; };
		7DA19CA91A112E6E008D2162 /* TalbeViewExampleTests.m in Sources */ = {isa = PBXBuildFile; fileRef = 7DA19CA81A112E6E008D2162 /* TalbeViewExampleTests.m */; };
		7DA19CB41A113140008D2162 /* MyTableViewController.m in Sources */ = {isa = PBXBuildFile; fileRef = 7DA19CB31A113140008D2162 /* MyTableViewController.m */; };
/* End PBXBuildFile section */

/* Begin PBXContainerItemProxy section */
		7DA19CA31A112E6E008D2162 /* PBXContainerItemProxy */ = {
			isa = PBXContainerItemProxy;
			containerPortal = 7DA19C811A112E6D008D2162 /* Project object */;
			proxyType = 1;
			remoteGlobalIDString = 7DA19C881A112E6D008D2162;
			remoteInfo = TalbeViewExample;
		};
/* End PBXContainerItemProxy section */

/* Begin PBXFileReference section */
		7DA19C891A112E6D008D2162 /* TalbeViewExample.app */ = {isa = PBXFileReference; explicitFileType = wrapper.application; includeInIndex = 0; path = TalbeViewExample.app; sourceTree = BUILT_PRODUCTS_DIR; };
		7DA19C8D1A112E6D008D2162 /* Info.plist */ = {isa = PBXFileReference; lastKnownFileType = text.plist.xml; path = Info.plist; sourceTree = "<group>"; };
		7DA19C8E1A112E6D008D2162 /* main.m */ = {isa = PBXFileReference; lastKnownFileType = sourcecode.c.objc; path = main.m; sourceTree = "<group>"; };
		7DA19C901A112E6D008D2162 /* AppDelegate.h */ = {isa = PBXFileReference; lastKnownFileType = sourcecode.c.h; path = AppDelegate.h; sourceTree = "<group>"; };
		7DA19C911A112E6D008D2162 /* AppDelegate.m */ = {isa = PBXFileReference; lastKnownFileType = sourcecode.c.objc; path = AppDelegate.m; sourceTree = "<group>"; };
		7DA19CA21A112E6E008D2162 /* TalbeViewExampleTests.xctest */ = {isa = PBXFileReference; explicitFileType = wrapper.cfbundle; includeInIndex = 0; path = TalbeViewExampleTests.xctest; sourceTree = BUILT_PRODUCTS_DIR; };
		7DA19CA71A112E6E008D2162 /* Info.plist */ = {isa = PBXFileReference; lastKnownFileType = text.plist.xml; path = Info.plist; sourceTree = "<group>"; };
		7DA19CA81A112E6E008D2162 /* TalbeViewExampleTests.m */ = {isa = PBXFileReference; lastKnownFileType = sourcecode.c.objc; path = TalbeViewExampleTests.m; sourceTree = "<group>"; };
		7DA19CB21A113140008D2162 /* MyTableViewController.h */ = {isa = PBXFileReference; fileEncoding = 4; lastKnownFileType = sourcecode.c.h; path = MyTableViewController.h; sourceTree = "<group>"; };
		7DA19CB31A113140008D2162 /* MyTableViewController.m */ = {isa = PBXFileReference; fileEncoding = 4; lastKnownFileType = sourcecode.c.objc; path = MyTableViewController.m; sourceTree = "<group>"; };
/* End PBXFileReference section */

/* Begin PBXFrameworksBuildPhase section */
		7DA19C861A112E6D008D2162 /* Frameworks */ = {
			isa = PBXFrameworksBuildPhase;
			buildActionMask = 2147483647;
			files = (
			);
			runOnlyForDeploymentPostprocessing = 0;
		};
		7DA19C9F1A112E6E008D2162 /* Frameworks */ = {
			isa = PBXFrameworksBuildPhase;
			buildActionMask = 2147483647;
			files = (
			);
			runOnlyForDeploymentPostprocessing = 0;
		};
/* End PBXFrameworksBuildPhase section */

/* Begin PBXGroup section */
		7DA19C801A112E6D008D2162 = {
			isa = PBXGroup;
			children = (
				7DA19C8B1A112E6D008D2162 /* TalbeViewExample */,
				7DA19CA51A112E6E008D2162 /* TalbeViewExampleTests */,
				7DA19C8A1A112E6D008D2162 /* Products */,
			);
			sourceTree = "<group>";
		};
		7DA19C8A1A112E6D008D2162 /* Products */ = {
			isa = PBXGroup;
			children = (
				7DA19C891A112E6D008D2162 /* TalbeViewExample.app */,
				7DA19CA21A112E6E008D2162 /* TalbeViewExampleTests.xctest */,
			);
			name = Products;
			sourceTree = "<group>";
		};
		7DA19C8B1A112E6D008D2162 /* TalbeViewExample */ = {
			isa = PBXGroup;
			children = (
				7DA19CB21A113140008D2162 /* MyTableViewController.h */,
				7DA19CB31A113140008D2162 /* MyTableViewController.m */,
				7DA19C901A112E6D008D2162 /* AppDelegate.h */,
				7DA19C911A112E6D008D2162 /* AppDelegate.m */,
				7DA19C8C1A112E6D008D2162 /* Supporting Files */,
			);
			path = TalbeViewExample;
			sourceTree = "<group>";
		};
		7DA19C8C1A112E6D008D2162 /* Supporting Files */ = {
			isa = PBXGroup;
			children = (
				7DA19C8D1A112E6D008D2162 /* Info.plist */,
				7DA19C8E1A112E6D008D2162 /* main.m */,
			);
			name = "Supporting Files";
			sourceTree = "<group>";
		};
		7DA19CA51A112E6E008D2162 /* TalbeViewExampleTests */ = {
			isa = PBXGroup;
			children = (
				7DA19CA81A112E6E008D2162 /* TalbeViewExampleTests.m */,
				7DA19CA61A112E6E008D2162 /* Supporting Files */,
			);
			path = TalbeViewExampleTests;
			sourceTree = "<group>";
		};
		7DA19CA61A112E6E008D2162 /* Supporting Files */ = {
			isa = PBXGroup;
			children = (
				7DA19CA71A112E6E008D2162 /* Info.plist */,
			);
			name = "Supporting Files";
			sourceTree = "<group>";
		};
/* End PBXGroup section */

/* Begin PBXNativeTarget section */
		7DA19C881A112E6D008D2162 /* TalbeViewExample */ = {
			isa = PBXNativeTarget;
			buildConfigurationList = 7DA19CAC1A112E6E008D2162 /* Build configuration list for PBXNativeTarget "TalbeViewExample" */;
			buildPhases = (
				7DA19C851A112E6D008D2162 /* Sources */,
				7DA19C861A112E6D008D2162 /* Frameworks */,
				7DA19C871A112E6D008D2162 /* Resources */,
			);
			buildRules = (
			);
			dependencies = (
			);
			name = TalbeViewExample;
			productName = TalbeViewExample;
			productReference = 7DA19C891A112E6D008D2162 /* TalbeViewExample.app */;
			productType = "com.apple.product-type.application";
		};
		7DA19CA11A112E6E008D2162 /* TalbeViewExampleTests */ = {
			isa = PBXNativeTarget;
			buildConfigurationList = 7DA19CAF1A112E6E008D2162 /* Build configuration list for PBXNativeTarget "TalbeViewExampleTests" */;
			buildPhases = (
				7DA19C9E1A112E6E008D2162 /* Sources */,
				7DA19C9F1A112E6E008D2162 /* Frameworks */,
				7DA19CA01A112E6E008D2162 /* Resources */,
			);
			buildRules = (
			);
			dependencies = (
				7DA19CA41A112E6E008D2162 /* PBXTargetDependency */,
			);
			name = TalbeViewExampleTests;
			productName = TalbeViewExampleTests;
			productReference = 7DA19CA21A112E6E008D2162 /* TalbeViewExampleTests.xctest */;
			productType = "com.apple.product-type.bundle.unit-test";
		};
/* End PBXNativeTarget section */

/* Begin PBXProject section */
		7DA19C811A112E6D008D2162 /* Project object */ = {
			isa = PBXProject;
			attributes = {
				LastUpgradeCheck = 0610;
				ORGANIZATIONNAME = "Mozi Development";
				TargetAttributes = {
					7DA19C881A112E6D008D2162 = {
						CreatedOnToolsVersion = 6.1;
					};
					7DA19CA11A112E6E008D2162 = {
						CreatedOnToolsVersion = 6.1;
						TestTargetID = 7DA19C881A112E6D008D2162;
					};
				};
			};
			buildConfigurationList = 7DA19C841A112E6D008D2162 /* Build configuration list for PBXProject "TalbeViewExample" */;
			compatibilityVersion = "Xcode 3.2";
			developmentRegion = English;
			hasScannedForEncodings = 0;
			knownRegions = (
				en,
				Base,
			);
			mainGroup = 7DA19C801A112E6D008D2162;
			productRefGroup = 7DA19C8A1A112E6D008D2162 /* Products */;
			projectDirPath = "";
			projectRoot = "";
			targets = (
				7DA19C881A112E6D008D2162 /* TalbeViewExample */,
				7DA19CA11A112E6E008D2162 /* TalbeViewExampleTests */,
			);
		};
/* End PBXProject section */

/* Begin PBXResourcesBuildPhase section */
		7DA19C871A112E6D008D2162 /* Resources */ = {
			isa = PBXResourcesBuildPhase;
			buildActionMask = 2147483647;
			files = (
			);
			runOnlyForDeploymentPostprocessing = 0;
		};
		7DA19CA01A112E6E008D2162 /* Resources */ = {
			isa = PBXResourcesBuildPhase;
			buildActionMask = 2147483647;
			files = (
			);
			runOnlyForDeploymentPostprocessing = 0;
		};
/* End PBXResourcesBuildPhase section */

/* Begin PBXSourcesBuildPhase section */
		7DA19C851A112E6D008D2162 /* Sources */ = {
			isa = PBXSourcesBuildPhase;
			buildActionMask = 2147483647;
			files = (
				7DA19CB41A113140008D2162 /* MyTableViewController.m in Sources */,
				7DA19C921A112E6D008D2162 /* AppDelegate.m in Sources */,
				7DA19C8F1A112E6D008D2162 /* main.m in Sources */,
			);
			runOnlyForDeploymentPostprocessing = 0;
		};
		7DA19C9E1A112E6E008D2162 /* Sources */ = {
			isa = PBXSourcesBuildPhase;
			buildActionMask = 2147483647;
			files = (
				7DA19CA91A112E6E008D2162 /* TalbeViewExampleTests.m in Sources */,
			);
			runOnlyForDeploymentPostprocessing = 0;
		};
/* End PBXSourcesBuildPhase section */

/* Begin PBXTargetDependency section */
		7DA19CA41A112E6E008D2162 /* PBXTargetDependency */ = {
			isa = PBXTargetDependency;
			target = 7DA19C881A112E6D008D2162 /* TalbeViewExample */;
			targetProxy = 7DA19CA31A112E6E008D2162 /* PBXContainerItemProxy */;
		};
/* End PBXTargetDependency section */

/* Begin XCBuildConfiguration section */
		7DA19CAA1A112E6E008D2162 /* Debug */ = {
			isa = XCBuildConfiguration;
			buildSettings = {
				ALWAYS_SEARCH_USER_PATHS = NO;
				CLANG_CXX_LANGUAGE_STANDARD = "gnu++0x";
				CLANG_CXX_LIBRARY = "libc++";
				CLANG_ENABLE_MODULES = YES;
				CLANG_ENABLE_OBJC_ARC = YES;
				CLANG_WARN_BOOL_CONVERSION = YES;
				CLANG_WARN_CONSTANT_CONVERSION = YES;
				CLANG_WARN_DIRECT_OBJC_ISA_USAGE = YES_ERROR;
				CLANG_WARN_EMPTY_BODY = YES;
				CLANG_WARN_ENUM_CONVERSION = YES;
				CLANG_WARN_INT_CONVERSION = YES;
				CLANG_WARN_OBJC_ROOT_CLASS = YES_ERROR;
				CLANG_WARN_UNREACHABLE_CODE = YES;
				CLANG_WARN__DUPLICATE_METHOD_MATCH = YES;
				"CODE_SIGN_IDENTITY[sdk=iphoneos*]" = "iPhone Developer";
				COPY_PHASE_STRIP = NO;
				ENABLE_STRICT_OBJC_MSGSEND = YES;
				GCC_C_LANGUAGE_STANDARD = gnu99;
				GCC_DYNAMIC_NO_PIC = NO;
				GCC_OPTIMIZATION_LEVEL = 0;
				GCC_PREPROCESSOR_DEFINITIONS = (
					"DEBUG=1",
					"$(inherited)",
				);
				GCC_SYMBOLS_PRIVATE_EXTERN = NO;
				GCC_WARN_64_TO_32_BIT_CONVERSION = YES;
				GCC_WARN_ABOUT_RETURN_TYPE = YES_ERROR;
				GCC_WARN_UNDECLARED_SELECTOR = YES;
				GCC_WARN_UNINITIALIZED_AUTOS = YES_AGGRESSIVE;
				GCC_WARN_UNUSED_FUNCTION = YES;
				GCC_WARN_UNUSED_VARIABLE = YES;
				IPHONEOS_DEPLOYMENT_TARGET = 8.1;
				MTL_ENABLE_DEBUG_INFO = YES;
				ONLY_ACTIVE_ARCH = YES;
				SDKROOT = iphoneos;
			};
			name = Debug;
		};
		7DA19CAB1A112E6E008D2162 /* Release */ = {
			isa = XCBuildConfiguration;
			buildSettings = {
				ALWAYS_SEARCH_USER_PATHS = NO;
				CLANG_CXX_LANGUAGE_STANDARD = "gnu++0x";
				CLANG_CXX_LIBRARY = "libc++";
				CLANG_ENABLE_MODULES = YES;
				CLANG_ENABLE_OBJC_ARC = YES;
				CLANG_WARN_BOOL_CONVERSION = YES;
				CLANG_WARN_CONSTANT_CONVERSION = YES;
				CLANG_WARN_DIRECT_OBJC_ISA_USAGE = YES_ERROR;
				CLANG_WARN_EMPTY_BODY = YES;
				CLANG_WARN_ENUM_CONVERSION = YES;
				CLANG_WARN_INT_CONVERSION = YES;
				CLANG_WARN_OBJC_ROOT_CLASS = YES_ERROR;
				CLANG_WARN_UNREACHABLE_CODE = YES;
				CLANG_WARN__DUPLICATE_METHOD_MATCH = YES;
				"CODE_SIGN_IDENTITY[sdk=iphoneos*]" = "iPhone Developer";
				COPY_PHASE_STRIP = YES;
				ENABLE_NS_ASSERTIONS = NO;
				ENABLE_STRICT_OBJC_MSGSEND = YES;
				GCC_C_LANGUAGE_STANDARD = gnu99;
				GCC_WARN_64_TO_32_BIT_CONVERSION = YES;
				GCC_WARN_ABOUT_RETURN_TYPE = YES_ERROR;
				GCC_WARN_UNDECLARED_SELECTOR = YES;
				GCC_WARN_UNINITIALIZED_AUTOS = YES_AGGRESSIVE;
				GCC_WARN_UNUSED_FUNCTION = YES;
				GCC_WARN_UNUSED_VARIABLE = YES;
				IPHONEOS_DEPLOYMENT_TARGET = 8.1;
				MTL_ENABLE_DEBUG_INFO = NO;
				SDKROOT = iphoneos;
				VALIDATE_PRODUCT = YES;
			};
			name = Release;
		};
		7DA19CAD1A112E6E008D2162 /* Debug */ = {
			isa = XCBuildConfiguration;
			buildSettings = {
				ASSETCATALOG_COMPILER_APPICON_NAME = AppIcon;
				INFOPLIST_FILE = TalbeViewExample/Info.plist;
				IPHONEOS_DEPLOYMENT_TARGET = 6.0;
				LD_RUNPATH_SEARCH_PATHS = "$(inherited) @executable_path/Frameworks";
				PRODUCT_NAME = "$(TARGET_NAME)";
			};
			name = Debug;
		};
		7DA19CAE1A112E6E008D2162 /* Release */ = {
			isa = XCBuildConfiguration;
			buildSettings = {
				ASSETCATALOG_COMPILER_APPICON_NAME = AppIcon;
				INFOPLIST_FILE = TalbeViewExample/Info.plist;
				IPHONEOS_DEPLOYMENT_TARGET = 6.0;
				LD_RUNPATH_SEARCH_PATHS = "$(inherited) @executable_path/Frameworks";
				PRODUCT_NAME = "$(TARGET_NAME)";
			};
			name = Release;
		};
		7DA19CB01A112E6E008D2162 /* Debug */ = {
			isa = XCBuildConfiguration;
			buildSettings = {
				BUNDLE_LOADER = "$(TEST_HOST)";
				FRAMEWORK_SEARCH_PATHS = (
					"$(SDKROOT)/Developer/Library/Frameworks",
					"$(inherited)",
				);
				GCC_PREPROCESSOR_DEFINITIONS = (
					"DEBUG=1",
					"$(inherited)",
				);
				INFOPLIST_FILE = TalbeViewExampleTests/Info.plist;
				LD_RUNPATH_SEARCH_PATHS = "$(inherited) @executable_path/Frameworks @loader_path/Frameworks";
				PRODUCT_NAME = "$(TARGET_NAME)";
				TEST_HOST = "$(BUILT_PRODUCTS_DIR)/TalbeViewExample.app/TalbeViewExample";
			};
			name = Debug;
		};
		7DA19CB11A112E6E008D2162 /* Release */ = {
			isa = XCBuildConfiguration;
			buildSettings = {
				BUNDLE_LOADER = "$(TEST_HOST)";
				FRAMEWORK_SEARCH_PATHS = (
					"$(SDKROOT)/Developer/Library/Frameworks",
					"$(inherited)",
				);
				INFOPLIST_FILE = TalbeViewExampleTests/Info.plist;
				LD_RUNPATH_SEARCH_PATHS = "$(inherited) @executable_path/Frameworks @loader_path/Frameworks";
				PRODUCT_NAME = "$(TARGET_NAME)";
				TEST_HOST = "$(BUILT_PRODUCTS_DIR)/TalbeViewExample.app/TalbeViewExample";
			};
			name = Release;
		};
/* End XCBuildConfiguration section */

/* Begin XCConfigurationList section */
		7DA19C841A112E6D008D2162 /* Build configuration list for PBXProject "TalbeViewExample" */ = {
			isa = XCConfigurationList;
			buildConfigurations = (
				7DA19CAA1A112E6E008D2162 /* Debug */,
				7DA19CAB1A112E6E008D2162 /* Release */,
			);
			defaultConfigurationIsVisible = 0;
			defaultConfigurationName = Release;
		};
		7DA19CAC1A112E6E008D2162 /* Build configuration list for PBXNativeTarget "TalbeViewExample" */ = {
			isa = XCConfigurationList;
			buildConfigurations = (
				7DA19CAD1A112E6E008D2162 /* Debug */,
				7DA19CAE1A112E6E008D2162 /* Release */,
			);
			defaultConfigurationIsVisible = 0;
		};
		7DA19CAF1A112E6E008D2162 /* Build configuration list for PBXNativeTarget "TalbeViewExampleTests" */ = {
			isa = XCConfigurationList;
			buildConfigurations = (
				7DA19CB01A112E6E008D2162 /* Debug */,
				7DA19CB11A112E6E008D2162 /* Release */,
			);
			defaultConfigurationIsVisible = 0;
		};
/* End XCConfigurationList section */
	};
	rootObject = 7DA19C811A112E6D008D2162 /* Project object */;
}
