// !$*UTF8*$!
{
	archiveVersion = 1;
	classes = {
	};
	objectVersion = 46;
	objects = {

/* Begin PBXBuildFile section */
		8476DE9A1AD31208006FFA22 /* main.m in Sources */ = {isa = PBXBuildFile; fileRef = 8476DE991AD31208006FFA22 /* main.m */; };
		8476DE9D1AD31208006FFA22 /* AppDelegate.m in Sources */ = {isa = PBXBuildFile; fileRef = 8476DE9C1AD31208006FFA22 /* AppDelegate.m */; };
		8476DEA01AD31208006FFA22 /* ViewController.m in Sources */ = {isa = PBXBuildFile; fileRef = 8476DE9F1AD31208006FFA22 /* ViewController.m */; };
		8476DEA31AD31208006FFA22 /* Main.storyboard in Resources */ = {isa = PBXBuildFile; fileRef = 8476DEA11AD31208006FFA22 /* Main.storyboard */; };
		8476DEA51AD31208006FFA22 /* Images.xcassets in Resources */ = {isa = PBXBuildFile; fileRef = 8476DEA41AD31208006FFA22 /* Images.xcassets */; };
		8476DEA81AD31208006FFA22 /* LaunchScreen.xib in Resources */ = {isa = PBXBuildFile; fileRef = 8476DEA61AD31208006FFA22 /* LaunchScreen.xib */; };
		8476DEB41AD31208006FFA22 /* _048_iphoneTests.m in Sources */ = {isa = PBXBuildFile; fileRef = 8476DEB31AD31208006FFA22 /* _048_iphoneTests.m */; };
/* End PBXBuildFile section */

/* Begin PBXContainerItemProxy section */
		8476DEAE1AD31208006FFA22 /* PBXContainerItemProxy */ = {
			isa = PBXContainerItemProxy;
			containerPortal = 8476DE8C1AD31208006FFA22 /* Project object */;
			proxyType = 1;
			remoteGlobalIDString = 8476DE931AD31208006FFA22;
			remoteInfo = 2048_iphone;
		};
/* End PBXContainerItemProxy section */

/* Begin PBXFileReference section */
		8476DE941AD31208006FFA22 /* 2048_iphone.app */ = {isa = PBXFileReference; explicitFileType = wrapper.application; includeInIndex = 0; path = 2048_iphone.app; sourceTree = BUILT_PRODUCTS_DIR; };
		8476DE981AD31208006FFA22 /* Info.plist */ = {isa = PBXFileReference; lastKnownFileType = text.plist.xml; path = Info.plist; sourceTree = "<group>"; };
		8476DE991AD31208006FFA22 /* main.m */ = {isa = PBXFileReference; lastKnownFileType = sourcecode.c.objc; path = main.m; sourceTree = "<group>"; };
		8476DE9B1AD31208006FFA22 /* AppDelegate.h */ = {isa = PBXFileReference; lastKnownFileType = sourcecode.c.h; path = AppDelegate.h; sourceTree = "<group>"; };
		8476DE9C1AD31208006FFA22 /* AppDelegate.m */ = {isa = PBXFileReference; lastKnownFileType = sourcecode.c.objc; path = AppDelegate.m; sourceTree = "<group>"; };
		8476DE9E1AD31208006FFA22 /* ViewController.h */ = {isa = PBXFileReference; lastKnownFileType = sourcecode.c.h; path = ViewController.h; sourceTree = "<group>"; };
		8476DE9F1AD31208006FFA22 /* ViewController.m */ = {isa = PBXFileReference; lastKnownFileType = sourcecode.c.objc; path = ViewController.m; sourceTree = "<group>"; };
		8476DEA21AD31208006FFA22 /* Base */ = {isa = PBXFileReference; lastKnownFileType = file.storyboard; name = Base; path = Base.lproj/Main.storyboard; sourceTree = "<group>"; };
		8476DEA41AD31208006FFA22 /* Images.xcassets */ = {isa = PBXFileReference; lastKnownFileType = folder.assetcatalog; path = Images.xcassets; sourceTree = "<group>"; };
		8476DEA71AD31208006FFA22 /* Base */ = {isa = PBXFileReference; lastKnownFileType = file.xib; name = Base; path = Base.lproj/LaunchScreen.xib; sourceTree = "<group>"; };
		8476DEAD1AD31208006FFA22 /* 2048_iphoneTests.xctest */ = {isa = PBXFileReference; explicitFileType = wrapper.cfbundle; includeInIndex = 0; path = 2048_iphoneTests.xctest; sourceTree = BUILT_PRODUCTS_DIR; };
		8476DEB21AD31208006FFA22 /* Info.plist */ = {isa = PBXFileReference; lastKnownFileType = text.plist.xml; path = Info.plist; sourceTree = "<group>"; };
		8476DEB31AD31208006FFA22 /* _048_iphoneTests.m */ = {isa = PBXFileReference; lastKnownFileType = sourcecode.c.objc; path = _048_iphoneTests.m; sourceTree = "<group>"; };
/* End PBXFileReference section */

/* Begin PBXFrameworksBuildPhase section */
		8476DE911AD31208006FFA22 /* Frameworks */ = {
			isa = PBXFrameworksBuildPhase;
			buildActionMask = 2147483647;
			files = (
			);
			runOnlyForDeploymentPostprocessing = 0;
		};
		8476DEAA1AD31208006FFA22 /* Frameworks */ = {
			isa = PBXFrameworksBuildPhase;
			buildActionMask = 2147483647;
			files = (
			);
			runOnlyForDeploymentPostprocessing = 0;
		};
/* End PBXFrameworksBuildPhase section */

/* Begin PBXGroup section */
		8476DE8B1AD31208006FFA22 = {
			isa = PBXGroup;
			children = (
				8476DE961AD31208006FFA22 /* 2048_iphone */,
				8476DEB01AD31208006FFA22 /* 2048_iphoneTests */,
				8476DE951AD31208006FFA22 /* Products */,
			);
			sourceTree = "<group>";
		};
		8476DE951AD31208006FFA22 /* Products */ = {
			isa = PBXGroup;
			children = (
				8476DE941AD31208006FFA22 /* 2048_iphone.app */,
				8476DEAD1AD31208006FFA22 /* 2048_iphoneTests.xctest */,
			);
			name = Products;
			sourceTree = "<group>";
		};
		8476DE961AD31208006FFA22 /* 2048_iphone */ = {
			isa = PBXGroup;
			children = (
				8476DE9B1AD31208006FFA22 /* AppDelegate.h */,
				8476DE9C1AD31208006FFA22 /* AppDelegate.m */,
				8476DE9E1AD31208006FFA22 /* ViewController.h */,
				8476DE9F1AD31208006FFA22 /* ViewController.m */,
				8476DEA11AD31208006FFA22 /* Main.storyboard */,
				8476DEA41AD31208006FFA22 /* Images.xcassets */,
				8476DEA61AD31208006FFA22 /* LaunchScreen.xib */,
				8476DE971AD31208006FFA22 /* Supporting Files */,
			);
			path = 2048_iphone;
			sourceTree = "<group>";
		};
		8476DE971AD31208006FFA22 /* Supporting Files */ = {
			isa = PBXGroup;
			children = (
				8476DE981AD31208006FFA22 /* Info.plist */,
				8476DE991AD31208006FFA22 /* main.m */,
			);
			name = "Supporting Files";
			sourceTree = "<group>";
		};
		8476DEB01AD31208006FFA22 /* 2048_iphoneTests */ = {
			isa = PBXGroup;
			children = (
				8476DEB31AD31208006FFA22 /* _048_iphoneTests.m */,
				8476DEB11AD31208006FFA22 /* Supporting Files */,
			);
			path = 2048_iphoneTests;
			sourceTree = "<group>";
		};
		8476DEB11AD31208006FFA22 /* Supporting Files */ = {
			isa = PBXGroup;
			children = (
				8476DEB21AD31208006FFA22 /* Info.plist */,
			);
			name = "Supporting Files";
			sourceTree = "<group>";
		};
/* End PBXGroup section */

/* Begin PBXNativeTarget section */
		8476DE931AD31208006FFA22 /* 2048_iphone */ = {
			isa = PBXNativeTarget;
			buildConfigurationList = 8476DEB71AD31208006FFA22 /* Build configuration list for PBXNativeTarget "2048_iphone" */;
			buildPhases = (
				8476DE901AD31208006FFA22 /* Sources */,
				8476DE911AD31208006FFA22 /* Frameworks */,
				8476DE921AD31208006FFA22 /* Resources */,
			);
			buildRules = (
			);
			dependencies = (
			);
			name = 2048_iphone;
			productName = 2048_iphone;
			productReference = 8476DE941AD31208006FFA22 /* 2048_iphone.app */;
			productType = "com.apple.product-type.application";
		};
		8476DEAC1AD31208006FFA22 /* 2048_iphoneTests */ = {
			isa = PBXNativeTarget;
			buildConfigurationList = 8476DEBA1AD31208006FFA22 /* Build configuration list for PBXNativeTarget "2048_iphoneTests" */;
			buildPhases = (
				8476DEA91AD31208006FFA22 /* Sources */,
				8476DEAA1AD31208006FFA22 /* Frameworks */,
				8476DEAB1AD31208006FFA22 /* Resources */,
			);
			buildRules = (
			);
			dependencies = (
				8476DEAF1AD31208006FFA22 /* PBXTargetDependency */,
			);
			name = 2048_iphoneTests;
			productName = 2048_iphoneTests;
			productReference = 8476DEAD1AD31208006FFA22 /* 2048_iphoneTests.xctest */;
			productType = "com.apple.product-type.bundle.unit-test";
		};
/* End PBXNativeTarget section */

/* Begin PBXProject section */
		8476DE8C1AD31208006FFA22 /* Project object */ = {
			isa = PBXProject;
			attributes = {
				LastUpgradeCheck = 0610;
				ORGANIZATIONNAME = "Vika Vovk";
				TargetAttributes = {
					8476DE931AD31208006FFA22 = {
						CreatedOnToolsVersion = 6.1;
					};
					8476DEAC1AD31208006FFA22 = {
						CreatedOnToolsVersion = 6.1;
						TestTargetID = 8476DE931AD31208006FFA22;
					};
				};
			};
			buildConfigurationList = 8476DE8F1AD31208006FFA22 /* Build configuration list for PBXProject "2048_iphone" */;
			compatibilityVersion = "Xcode 3.2";
			developmentRegion = English;
			hasScannedForEncodings = 0;
			knownRegions = (
				en,
				Base,
			);
			mainGroup = 8476DE8B1AD31208006FFA22;
			productRefGroup = 8476DE951AD31208006FFA22 /* Products */;
			projectDirPath = "";
			projectRoot = "";
			targets = (
				8476DE931AD31208006FFA22 /* 2048_iphone */,
				8476DEAC1AD31208006FFA22 /* 2048_iphoneTests */,
			);
		};
/* End PBXProject section */

/* Begin PBXResourcesBuildPhase section */
		8476DE921AD31208006FFA22 /* Resources */ = {
			isa = PBXResourcesBuildPhase;
			buildActionMask = 2147483647;
			files = (
				8476DEA31AD31208006FFA22 /* Main.storyboard in Resources */,
				8476DEA81AD31208006FFA22 /* LaunchScreen.xib in Resources */,
				8476DEA51AD31208006FFA22 /* Images.xcassets in Resources */,
			);
			runOnlyForDeploymentPostprocessing = 0;
		};
		8476DEAB1AD31208006FFA22 /* Resources */ = {
			isa = PBXResourcesBuildPhase;
			buildActionMask = 2147483647;
			files = (
			);
			runOnlyForDeploymentPostprocessing = 0;
		};
/* End PBXResourcesBuildPhase section */

/* Begin PBXSourcesBuildPhase section */
		8476DE901AD31208006FFA22 /* Sources */ = {
			isa = PBXSourcesBuildPhase;
			buildActionMask = 2147483647;
			files = (
				8476DEA01AD31208006FFA22 /* ViewController.m in Sources */,
				8476DE9D1AD31208006FFA22 /* AppDelegate.m in Sources */,
				8476DE9A1AD31208006FFA22 /* main.m in Sources */,
			);
			runOnlyForDeploymentPostprocessing = 0;
		};
		8476DEA91AD31208006FFA22 /* Sources */ = {
			isa = PBXSourcesBuildPhase;
			buildActionMask = 2147483647;
			files = (
				8476DEB41AD31208006FFA22 /* _048_iphoneTests.m in Sources */,
			);
			runOnlyForDeploymentPostprocessing = 0;
		};
/* End PBXSourcesBuildPhase section */

/* Begin PBXTargetDependency section */
		8476DEAF1AD31208006FFA22 /* PBXTargetDependency */ = {
			isa = PBXTargetDependency;
			target = 8476DE931AD31208006FFA22 /* 2048_iphone */;
			targetProxy = 8476DEAE1AD31208006FFA22 /* PBXContainerItemProxy */;
		};
/* End PBXTargetDependency section */

/* Begin PBXVariantGroup section */
		8476DEA11AD31208006FFA22 /* Main.storyboard */ = {
			isa = PBXVariantGroup;
			children = (
				8476DEA21AD31208006FFA22 /* Base */,
			);
			name = Main.storyboard;
			sourceTree = "<group>";
		};
		8476DEA61AD31208006FFA22 /* LaunchScreen.xib */ = {
			isa = PBXVariantGroup;
			children = (
				8476DEA71AD31208006FFA22 /* Base */,
			);
			name = LaunchScreen.xib;
			sourceTree = "<group>";
		};
/* End PBXVariantGroup section */

/* Begin XCBuildConfiguration section */
		8476DEB51AD31208006FFA22 /* Debug */ = {
			isa = XCBuildConfiguration;
			buildSettings = {
				ALWAYS_SEARCH_USER_PATHS = NO;
				CLANG_CXX_LANGUAGE_STANDARD = "gnu++0x";
				CLANG_CXX_LIBRARY = "libc++";
				CLANG_ENABLE_MODULES = YES;
				CLANG_ENABLE_OBJC_ARC = YES;
				CLANG_WARN_BOOL_CONVERSION = YES;
				CLANG_WARN_CONSTANT_CONVERSION = YES;
				CLANG_WARN_DIRECT_OBJC_ISA_USAGE = YES_ERROR;
				CLANG_WARN_EMPTY_BODY = YES;
				CLANG_WARN_ENUM_CONVERSION = YES;
				CLANG_WARN_INT_CONVERSION = YES;
				CLANG_WARN_OBJC_ROOT_CLASS = YES_ERROR;
				CLANG_WARN_UNREACHABLE_CODE = YES;
				CLANG_WARN__DUPLICATE_METHOD_MATCH = YES;
				"CODE_SIGN_IDENTITY[sdk=iphoneos*]" = "iPhone Developer";
				COPY_PHASE_STRIP = NO;
				ENABLE_STRICT_OBJC_MSGSEND = YES;
				GCC_C_LANGUAGE_STANDARD = gnu99;
				GCC_DYNAMIC_NO_PIC = NO;
				GCC_OPTIMIZATION_LEVEL = 0;
				GCC_PREPROCESSOR_DEFINITIONS = (
					"DEBUG=1",
					"$(inherited)",
				);
				GCC_SYMBOLS_PRIVATE_EXTERN = NO;
				GCC_WARN_64_TO_32_BIT_CONVERSION = YES;
				GCC_WARN_ABOUT_RETURN_TYPE = YES_ERROR;
				GCC_WARN_UNDECLARED_SELECTOR = YES;
				GCC_WARN_UNINITIALIZED_AUTOS = YES_AGGRESSIVE;
				GCC_WARN_UNUSED_FUNCTION = YES;
				GCC_WARN_UNUSED_VARIABLE = YES;
				IPHONEOS_DEPLOYMENT_TARGET = 8.1;
				MTL_ENABLE_DEBUG_INFO = YES;
				ONLY_ACTIVE_ARCH = YES;
				SDKROOT = iphoneos;
			};
			name = Debug;
		};
		8476DEB61AD31208006FFA22 /* Release */ = {
			isa = XCBuildConfiguration;
			buildSettings = {
				ALWAYS_SEARCH_USER_PATHS = NO;
				CLANG_CXX_LANGUAGE_STANDARD = "gnu++0x";
				CLANG_CXX_LIBRARY = "libc++";
				CLANG_ENABLE_MODULES = YES;
				CLANG_ENABLE_OBJC_ARC = YES;
				CLANG_WARN_BOOL_CONVERSION = YES;
				CLANG_WARN_CONSTANT_CONVERSION = YES;
				CLANG_WARN_DIRECT_OBJC_ISA_USAGE = YES_ERROR;
				CLANG_WARN_EMPTY_BODY = YES;
				CLANG_WARN_ENUM_CONVERSION = YES;
				CLANG_WARN_INT_CONVERSION = YES;
				CLANG_WARN_OBJC_ROOT_CLASS = YES_ERROR;
				CLANG_WARN_UNREACHABLE_CODE = YES;
				CLANG_WARN__DUPLICATE_METHOD_MATCH = YES;
				"CODE_SIGN_IDENTITY[sdk=iphoneos*]" = "iPhone Developer";
				COPY_PHASE_STRIP = YES;
				ENABLE_NS_ASSERTIONS = NO;
				ENABLE_STRICT_OBJC_MSGSEND = YES;
				GCC_C_LANGUAGE_STANDARD = gnu99;
				GCC_WARN_64_TO_32_BIT_CONVERSION = YES;
				GCC_WARN_ABOUT_RETURN_TYPE = YES_ERROR;
				GCC_WARN_UNDECLARED_SELECTOR = YES;
				GCC_WARN_UNINITIALIZED_AUTOS = YES_AGGRESSIVE;
				GCC_WARN_UNUSED_FUNCTION = YES;
				GCC_WARN_UNUSED_VARIABLE = YES;
				IPHONEOS_DEPLOYMENT_TARGET = 8.1;
				MTL_ENABLE_DEBUG_INFO = NO;
				SDKROOT = iphoneos;
				VALIDATE_PRODUCT = YES;
			};
			name = Release;
		};
		8476DEB81AD31208006FFA22 /* Debug */ = {
			isa = XCBuildConfiguration;
			buildSettings = {
				ASSETCATALOG_COMPILER_APPICON_NAME = AppIcon;
				INFOPLIST_FILE = 2048_iphone/Info.plist;
				LD_RUNPATH_SEARCH_PATHS = "$(inherited) @executable_path/Frameworks";
				PRODUCT_NAME = "$(TARGET_NAME)";
			};
			name = Debug;
		};
		8476DEB91AD31208006FFA22 /* Release */ = {
			isa = XCBuildConfiguration;
			buildSettings = {
				ASSETCATALOG_COMPILER_APPICON_NAME = AppIcon;
				INFOPLIST_FILE = 2048_iphone/Info.plist;
				LD_RUNPATH_SEARCH_PATHS = "$(inherited) @executable_path/Frameworks";
				PRODUCT_NAME = "$(TARGET_NAME)";
			};
			name = Release;
		};
		8476DEBB1AD31208006FFA22 /* Debug */ = {
			isa = XCBuildConfiguration;
			buildSettings = {
				BUNDLE_LOADER = "$(TEST_HOST)";
				FRAMEWORK_SEARCH_PATHS = (
					"$(SDKROOT)/Developer/Library/Frameworks",
					"$(inherited)",
				);
				GCC_PREPROCESSOR_DEFINITIONS = (
					"DEBUG=1",
					"$(inherited)",
				);
				INFOPLIST_FILE = 2048_iphoneTests/Info.plist;
				LD_RUNPATH_SEARCH_PATHS = "$(inherited) @executable_path/Frameworks @loader_path/Frameworks";
				PRODUCT_NAME = "$(TARGET_NAME)";
				TEST_HOST = "$(BUILT_PRODUCTS_DIR)/2048_iphone.app/2048_iphone";
			};
			name = Debug;
		};
		8476DEBC1AD31208006FFA22 /* Release */ = {
			isa = XCBuildConfiguration;
			buildSettings = {
				BUNDLE_LOADER = "$(TEST_HOST)";
				FRAMEWORK_SEARCH_PATHS = (
					"$(SDKROOT)/Developer/Library/Frameworks",
					"$(inherited)",
				);
				INFOPLIST_FILE = 2048_iphoneTests/Info.plist;
				LD_RUNPATH_SEARCH_PATHS = "$(inherited) @executable_path/Frameworks @loader_path/Frameworks";
				PRODUCT_NAME = "$(TARGET_NAME)";
				TEST_HOST = "$(BUILT_PRODUCTS_DIR)/2048_iphone.app/2048_iphone";
			};
			name = Release;
		};
/* End XCBuildConfiguration section */

/* Begin XCConfigurationList section */
		8476DE8F1AD31208006FFA22 /* Build configuration list for PBXProject "2048_iphone" */ = {
			isa = XCConfigurationList;
			buildConfigurations = (
				8476DEB51AD31208006FFA22 /* Debug */,
				8476DEB61AD31208006FFA22 /* Release */,
			);
			defaultConfigurationIsVisible = 0;
			defaultConfigurationName = Release;
		};
		8476DEB71AD31208006FFA22 /* Build configuration list for PBXNativeTarget "2048_iphone" */ = {
			isa = XCConfigurationList;
			buildConfigurations = (
				8476DEB81AD31208006FFA22 /* Debug */,
				8476DEB91AD31208006FFA22 /* Release */,
			);
			defaultConfigurationIsVisible = 0;
		};
		8476DEBA1AD31208006FFA22 /* Build configuration list for PBXNativeTarget "2048_iphoneTests" */ = {
			isa = XCConfigurationList;
			buildConfigurations = (
				8476DEBB1AD31208006FFA22 /* Debug */,
				8476DEBC1AD31208006FFA22 /* Release */,
			);
			defaultConfigurationIsVisible = 0;
		};
/* End XCConfigurationList section */
	};
	rootObject = 8476DE8C1AD31208006FFA22 /* Project object */;
}
